
Microsoft Visual Studio Solution File, Format Version 12.00
# Visual Studio 15
VisualStudioVersion = 15.0.27130.2027
MinimumVisualStudioVersion = 10.0.40219.1
Project("{FAE04EC0-301F-11D3-BF4B-00C04F79EFBC}") = "Partikkels", "Partikkels\Partikkels.csproj", "{08CA0042-3BD0-4EFD-87D0-5256B032E982}"
EndProject
Project("{FAE04EC0-301F-11D3-BF4B-00C04F79EFBC}") = "ConsoleCreateMongoDB", "ConsoleCreateMongoDB\ConsoleCreateMongoDB.csproj", "{931317EA-4381-4548-94BD-7BA0AEAAAB02}"
EndProject
Project("{FAE04EC0-301F-11D3-BF4B-00C04F79EFBC}") = "Measurements2018", "Measurements2018\Measurements2018.csproj", "{C60F115C-7214-4D4E-9D8A-3D9E6E15D2B9}"
EndProject
Global
	GlobalSection(SolutionConfigurationPlatforms) = preSolution
		Debug|Any CPU = Debug|Any CPU
		Release|Any CPU = Release|Any CPU
	EndGlobalSection
	GlobalSection(ProjectConfigurationPlatforms) = postSolution
		{08CA0042-3BD0-4EFD-87D0-5256B032E982}.Debug|Any CPU.ActiveCfg = Debug|Any CPU
		{08CA0042-3BD0-4EFD-87D0-5256B032E982}.Debug|Any CPU.Build.0 = Debug|Any CPU
		{08CA0042-3BD0-4EFD-87D0-5256B032E982}.Release|Any CPU.ActiveCfg = Release|Any CPU
		{08CA0042-3BD0-4EFD-87D0-5256B032E982}.Release|Any CPU.Build.0 = Release|Any CPU
		{931317EA-4381-4548-94BD-7BA0AEAAAB02}.Debug|Any CPU.ActiveCfg = Debug|Any CPU
		{931317EA-4381-4548-94BD-7BA0AEAAAB02}.Debug|Any CPU.Build.0 = Debug|Any CPU
		{931317EA-4381-4548-94BD-7BA0AEAAAB02}.Release|Any CPU.ActiveCfg = Release|Any CPU
		{931317EA-4381-4548-94BD-7BA0AEAAAB02}.Release|Any CPU.Build.0 = Release|Any CPU
		{C60F115C-7214-4D4E-9D8A-3D9E6E15D2B9}.Debug|Any CPU.ActiveCfg = Debug|Any CPU
		{C60F115C-7214-4D4E-9D8A-3D9E6E15D2B9}.Debug|Any CPU.Build.0 = Debug|Any CPU
		{C60F115C-7214-4D4E-9D8A-3D9E6E15D2B9}.Release|Any CPU.ActiveCfg = Release|Any CPU
		{C60F115C-7214-4D4E-9D8A-3D9E6E15D2B9}.Release|Any CPU.Build.0 = Release|Any CPU
	EndGlobalSection
	GlobalSection(SolutionProperties) = preSolution
		HideSolutionNode = FALSE
	EndGlobalSection
	GlobalSection(ExtensibilityGlobals) = postSolution
		SolutionGuid = {661EACFF-532F-47BD-AC74-9A686D281B65}
	EndGlobalSection
EndGlobal
